<Solution>
  <Project Path="Assembly-CSharp.csproj" />
  <Project Path="MK.Toon.Editor.csproj" />
  <Project Path="EPO.csproj" />
  <Project Path="Nova.UIControls.csproj" />
  <Project Path="Nova.csproj" />
  <Project Path="Nova.Editor.csproj" />
  <Project Path="EPODemo.csproj" />
  <Project Path="Assembly-CSharp-firstpass.csproj" />
  <Project Path="MK.RampCreator.csproj" />
  <Project Path="MK.Toon.csproj" />
  <Project Path="EPOUtilities.csproj" />
  <Project Path="Assembly-CSharp-Editor.csproj" />
  <Project Path="EPOEditor.csproj" />
  <Project Path="kTools.Mirrors.Runtime.csproj" />
  <Project Path="Nova.UIControls.Editor.csproj" />
  <Project Path="ObjectPool.EditorAssembly.csproj" />
  <Project Path="ObjectPoolAssembly.csproj" />
  <Project Path="MK.Toon.VariantsManager.csproj" />
  <Project Path="EPOURP.csproj" />
  <Project Path="Nova.Compat.csproj" />
  <Project Path="DIAssembly.csproj" />
  <Project Path="MK.MeshUtility.csproj" />
  <Project Path="MK.Toon.URP.Editor.csproj" />
  <Project Path="kTools.Mirrors.Editor.csproj" />
  <Project Path="MK.MKTextureChannelPacker.csproj" />
  <Project Path="MK.Toon.URP.csproj" />
  <Project Path="EPOHDRP.csproj" />
</Solution>
